
Microsoft Visual Studio Solution File, Format Version 12.00
# Visual Studio Version 17
VisualStudioVersion = 17.3.32825.248
MinimumVisualStudioVersion = 10.0.40219.1
Project("{FAE04EC0-301F-11D3-BF4B-00C04F79EFBC}") = "BattleRap.API", "BattleRap.API\BattleRap.API.csproj", "{F56528F7-3737-4A5F-BF92-A99B7D10FFD7}"
EndProject
Global
	GlobalSection(SolutionConfigurationPlatforms) = preSolution
		Debug|Any CPU = Debug|Any CPU
		Release|Any CPU = Release|Any CPU
	EndGlobalSection
	GlobalSection(ProjectConfigurationPlatforms) = postSolution
		{F56528F7-3737-4A5F-BF92-A99B7D10FFD7}.Debug|Any CPU.ActiveCfg = Debug|Any CPU
		{F56528F7-3737-4A5F-BF92-A99B7D10FFD7}.Debug|Any CPU.Build.0 = Debug|Any CPU
		{F56528F7-3737-4A5F-BF92-A99B7D10FFD7}.Release|Any CPU.ActiveCfg = Release|Any CPU
		{F56528F7-3737-4A5F-BF92-A99B7D10FFD7}.Release|Any CPU.Build.0 = Release|Any CPU
	EndGlobalSection
	GlobalSection(SolutionProperties) = preSolution
		HideSolutionNode = FALSE
	EndGlobalSection
	GlobalSection(ExtensibilityGlobals) = postSolution
		SolutionGuid = {304484E5-FB01-4228-9820-EB357F9D6FB0}
	EndGlobalSection
EndGlobal
